
Microsoft Visual Studio Solution File, Format Version 12.00
# Visual Studio Version 17
VisualStudioVersion = 17.4.33213.308
MinimumVisualStudioVersion = 10.0.40219.1
Project("{FAE04EC0-301F-11D3-BF4B-00C04F79EFBC}") = "MS.DFe.PDF", "MS.DFe.PDF\MS.DFe.PDF.csproj", "{6B2866FF-7619-4011-9F69-4A6A6629C1A4}"
EndProject
Project("{FAE04EC0-301F-11D3-BF4B-00C04F79EFBC}") = "MS.DFe.PDF.AppTeste", "MS.DFe.PDF.AppTeste\MS.DFe.PDF.AppTeste.csproj", "{4597983D-492A-4875-A1AA-7B0410917228}"
EndProject
Global
	GlobalSection(SolutionConfigurationPlatforms) = preSolution
		Debug|Any CPU = Debug|Any CPU
		Release|Any CPU = Release|Any CPU
	EndGlobalSection
	GlobalSection(ProjectConfigurationPlatforms) = postSolution
		{6B2866FF-7619-4011-9F69-4A6A6629C1A4}.Debug|Any CPU.ActiveCfg = Debug|Any CPU
		{6B2866FF-7619-4011-9F69-4A6A6629C1A4}.Debug|Any CPU.Build.0 = Debug|Any CPU
		{6B2866FF-7619-4011-9F69-4A6A6629C1A4}.Release|Any CPU.ActiveCfg = Release|Any CPU
		{6B2866FF-7619-4011-9F69-4A6A6629C1A4}.Release|Any CPU.Build.0 = Release|Any CPU
		{4597983D-492A-4875-A1AA-7B0410917228}.Debug|Any CPU.ActiveCfg = Debug|Any CPU
		{4597983D-492A-4875-A1AA-7B0410917228}.Debug|Any CPU.Build.0 = Debug|Any CPU
		{4597983D-492A-4875-A1AA-7B0410917228}.Release|Any CPU.ActiveCfg = Release|Any CPU
		{4597983D-492A-4875-A1AA-7B0410917228}.Release|Any CPU.Build.0 = Release|Any CPU
	EndGlobalSection
	GlobalSection(SolutionProperties) = preSolution
		HideSolutionNode = FALSE
	EndGlobalSection
	GlobalSection(ExtensibilityGlobals) = postSolution
		SolutionGuid = {0D84984A-F0FD-478B-9662-AFFEF6DC97BF}
	EndGlobalSection
EndGlobal
